<?xml version="1.0" encoding="utf-8"?>
<Project ToolsVersion="4.0" xmlns="http://schemas.microsoft.com/developer/msbuild/2003">
  <ItemGroup>
    <Filter Include="Data">
      <UniqueIdentifier>{b3f1ef16-e956-47c8-9ff2-5551f0fa6dc4}</UniqueIdentifier>
    </Filter>
  </ItemGroup>
  <ItemGroup>
    <FxCompile Include="Data\Displacement.ps.hlsl">
      <Filter>Data</Filter>
    </FxCompile>
    <FxCompile Include="Data\Displacement.ds.hlsl">
      <Filter>Data</Filter>
    </FxCompile>
    <FxCompile Include="Data\Displacement.hs.hlsl">
      <Filter>Data</Filter>
    </FxCompile>
    <FxCompile Include="Data\TessellationIntro.ds.hlsl">
      <Filter>Data</Filter>
    </FxCompile>
    <FxCompile Include="Data\TessellationIntro.hs.hlsl">
      <Filter>Data</Filter>
    </FxCompile>
    <FxCompile Include="Data\TessellationIntro.ps.hlsl">
      <Filter>Data</Filter>
    </FxCompile>
    <FxCompile Include="Data\TessellationIntro.vs.hlsl">
      <Filter>Data</Filter>
    </FxCompile>
    <FxCompile Include="Data\InteractivePlane.vs.hlsl">
      <Filter>Data</Filter>
    </FxCompile>
    <FxCompile Include="Data\InteractivePlane.ps.hlsl">
      <Filter>Data</Filter>
    </FxCompile>
    <FxCompile Include="Data\Heightmap.ps.hlsl">
      <Filter>Data</Filter>
    </FxCompile>
    <FxCompile Include="Data\InteractivePlane.ds.hlsl">
      <Filter>Data</Filter>
    </FxCompile>
    <FxCompile Include="Data\InteractivePlane.hs.hlsl">
      <Filter>Data</Filter>
    </FxCompile>
  </ItemGroup>
  <ItemGroup>
    <ClCompile Include="Source\TessellationIntro.cpp" />
    <ClCompile Include="Source\TessellationProject.cpp" />
    <ClCompile Include="Source\DisplacementMapping.cpp" />
    <ClCompile Include="Source\InteractivePlane.cpp" />
  </ItemGroup>
  <ItemGroup>
    <ClInclude Include="Source\TessellationIntro.h" />
    <ClInclude Include="Source\TessellationProject.h" />
    <ClInclude Include="Source\EffectSample.h" />
    <ClInclude Include="Source\DisplacementMapping.h" />
    <ClInclude Include="Source\InteractivePlane.h" />
  </ItemGroup>
</Project>