<?xml version="1.0" encoding="utf-8"?>
<Project ToolsVersion="4.0" xmlns="http://schemas.microsoft.com/developer/msbuild/2003">
  <ItemGroup>
    <ClCompile Include="GrfxSandbox.cpp" />
  </ItemGroup>
  <ItemGroup>
    <ClInclude Include="GrfxSandbox.h" />
  </ItemGroup>
  <ItemGroup>
    <Filter Include="Data">
      <UniqueIdentifier>{3787e873-3324-494c-b394-fbf2d06555c7}</UniqueIdentifier>
    </Filter>
  </ItemGroup>
  <ItemGroup>
    <None Include="Data\GrfxSandbox.slang">
      <Filter>Data</Filter>
    </None>
    <None Include="Data\Caustics.slang">
      <Filter>Data</Filter>
    </None>
  </ItemGroup>
  <ItemGroup>
    <FxCompile Include="Data\ImageEdge.ps.hlsl">
      <Filter>Data</Filter>
    </FxCompile>
    <FxCompile Include="Data\Voronoi.slang">
      <Filter>Data</Filter>
    </FxCompile>
    <FxCompile Include="Data\Mosaic.cs.hlsl">
      <Filter>Data</Filter>
    </FxCompile>
  </ItemGroup>
</Project>